
Microsoft Visual Studio Solution File, Format Version 12.00
# Visual Studio Version 17
VisualStudioVersion = 17.14.36301.6 d17.14
MinimumVisualStudioVersion = 10.0.40219.1
Project("{FAE04EC0-301F-11D3-BF4B-00C04F79EFBC}") = "BookStore", "BookStore\BookStore.csproj", "{EE57F6A9-E9F7-47F3-80FF-94D458A5EA75}"
EndProject
Global
	GlobalSection(SolutionConfigurationPlatforms) = preSolution
		Debug|Any CPU = Debug|Any CPU
		Release|Any CPU = Release|Any CPU
	EndGlobalSection
	GlobalSection(ProjectConfigurationPlatforms) = postSolution
		{EE57F6A9-E9F7-47F3-80FF-94D458A5EA75}.Debug|Any CPU.ActiveCfg = Debug|Any CPU
		{EE57F6A9-E9F7-47F3-80FF-94D458A5EA75}.Debug|Any CPU.Build.0 = Debug|Any CPU
		{EE57F6A9-E9F7-47F3-80FF-94D458A5EA75}.Release|Any CPU.ActiveCfg = Release|Any CPU
		{EE57F6A9-E9F7-47F3-80FF-94D458A5EA75}.Release|Any CPU.Build.0 = Release|Any CPU
	EndGlobalSection
	GlobalSection(SolutionProperties) = preSolution
		HideSolutionNode = FALSE
	EndGlobalSection
	GlobalSection(ExtensibilityGlobals) = postSolution
		SolutionGuid = {2D988AAD-27B1-4764-AEB0-60EDE94C6EF3}
	EndGlobalSection
EndGlobal
